PODS:
  - Crashlytics (3.8.1):
    - Fabric (~> 1.6.3)
  - CrashlyticsRecorder (1.2.2)
  - Fabric (1.6.8)

DEPENDENCIES:
  - Crashlytics
  - CrashlyticsRecorder (from `../`)
  - Fabric

EXTERNAL SOURCES:
  CrashlyticsRecorder:
    :path: "../"

SPEC CHECKSUMS:
  Crashlytics: 4391d8df0b125345e9f209c5db6e7f40a6a8435d
  CrashlyticsRecorder: 26cf30d7bcc742e136916be452072313ef495dcf
  Fabric: 5755268d0171435ab167e3d0878a28a777deaf10

PODFILE CHECKSUM: ca98e858fa773b167c40663c0d0b4c17b46e21ec

COCOAPODS: 1.1.0.rc.2
